
Microsoft Visual Studio Solution File, Format Version 12.00
# Visual Studio Version 17
VisualStudioVersion = 17.4.33213.308
MinimumVisualStudioVersion = 10.0.40219.1
Project("{FAE04EC0-301F-11D3-BF4B-00C04F79EFBC}") = "Toy.RealTimeBackground.API", "Toy.RealTimeBackground\Toy.RealTimeBackground.API.csproj", "{45CAA84B-C879-45C2-8E9E-B7AE19E803EE}"
EndProject
Global
	GlobalSection(SolutionConfigurationPlatforms) = preSolution
		Debug|Any CPU = Debug|Any CPU
		Release|Any CPU = Release|Any CPU
	EndGlobalSection
	GlobalSection(ProjectConfigurationPlatforms) = postSolution
		{45CAA84B-C879-45C2-8E9E-B7AE19E803EE}.Debug|Any CPU.ActiveCfg = Debug|Any CPU
		{45CAA84B-C879-45C2-8E9E-B7AE19E803EE}.Debug|Any CPU.Build.0 = Debug|Any CPU
		{45CAA84B-C879-45C2-8E9E-B7AE19E803EE}.Release|Any CPU.ActiveCfg = Release|Any CPU
		{45CAA84B-C879-45C2-8E9E-B7AE19E803EE}.Release|Any CPU.Build.0 = Release|Any CPU
	EndGlobalSection
	GlobalSection(SolutionProperties) = preSolution
		HideSolutionNode = FALSE
	EndGlobalSection
	GlobalSection(ExtensibilityGlobals) = postSolution
		SolutionGuid = {1134461B-B7CE-48AA-818A-43EB00B7518F}
	EndGlobalSection
EndGlobal
